
Microsoft Visual Studio Solution File, Format Version 12.00
# Visual Studio 15
Project("{FAE04EC0-301F-11D3-BF4B-00C04F79EFBC}") = "AmplifyShaderEditor", "AmplifyShaderEditor.csproj", "{2A3E5FF4-986D-1D02-B373-75B442AE6FE6}"
EndProject
Project("{FAE04EC0-301F-11D3-BF4B-00C04F79EFBC}") = "Assembly-CSharp", "Assembly-CSharp.csproj", "{FB662627-B435-67D2-0426-F81C4486904E}"
EndProject
Project("{FAE04EC0-301F-11D3-BF4B-00C04F79EFBC}") = "Assembly-CSharp-Editor", "Assembly-CSharp-Editor.csproj", "{7A4726EA-AE25-7EF2-28CC-157355DA000F}"
EndProject
Global
	GlobalSection(SolutionConfigurationPlatforms) = preSolution
		Debug|Any CPU = Debug|Any CPU
		Release|Any CPU = Release|Any CPU
	EndGlobalSection
	GlobalSection(ProjectConfigurationPlatforms) = postSolution
		{2A3E5FF4-986D-1D02-B373-75B442AE6FE6}.Debug|Any CPU.ActiveCfg = Debug|Any CPU
		{2A3E5FF4-986D-1D02-B373-75B442AE6FE6}.Debug|Any CPU.Build.0 = Debug|Any CPU
		{2A3E5FF4-986D-1D02-B373-75B442AE6FE6}.Release|Any CPU.ActiveCfg = Release|Any CPU
		{2A3E5FF4-986D-1D02-B373-75B442AE6FE6}.Release|Any CPU.Build.0 = Release|Any CPU
		{FB662627-B435-67D2-0426-F81C4486904E}.Debug|Any CPU.ActiveCfg = Debug|Any CPU
		{FB662627-B435-67D2-0426-F81C4486904E}.Debug|Any CPU.Build.0 = Debug|Any CPU
		{FB662627-B435-67D2-0426-F81C4486904E}.Release|Any CPU.ActiveCfg = Release|Any CPU
		{FB662627-B435-67D2-0426-F81C4486904E}.Release|Any CPU.Build.0 = Release|Any CPU
		{7A4726EA-AE25-7EF2-28CC-157355DA000F}.Debug|Any CPU.ActiveCfg = Debug|Any CPU
		{7A4726EA-AE25-7EF2-28CC-157355DA000F}.Debug|Any CPU.Build.0 = Debug|Any CPU
		{7A4726EA-AE25-7EF2-28CC-157355DA000F}.Release|Any CPU.ActiveCfg = Release|Any CPU
		{7A4726EA-AE25-7EF2-28CC-157355DA000F}.Release|Any CPU.Build.0 = Release|Any CPU
	EndGlobalSection
	GlobalSection(SolutionProperties) = preSolution
		HideSolutionNode = FALSE
	EndGlobalSection
EndGlobal
